hash: c656a7a5f82682713d9dcc25cb10d142859bff5e7b152008a2eae59f14061d08
updated: 2018-07-08T11:40:34.547151+08:00
imports:
- name: 9fans.net/go
  version: 6000580a63787cd240f5985dfae8e02f9f18fe2d
  subpackages:
  - acme
  - draw
  - draw/drawfcall
  - plan9
  - plan9/client
- name: cloud.google.com/go
  version: 3a236a566c90c7db8167247d8add7d8c753880bf
  subpackages:
  - compute/metadata
  - iam
  - internal
  - internal/optional
  - internal/trace
  - internal/version
  - storage
- name: github.com/cosiner/argv
  version: 13bacc38a0a5e0eba18b6f03cbb15dc5d4243b04
- name: github.com/cpuguy83/go-md2man
  version: 691ee98543af2f262f35fbb54bdd42f00b9b9cc5
  subpackages:
  - md2man
- name: github.com/derekparker/delve
  version: bdcbd8a846eb7d4953449725ef6a23959198acf1
  subpackages:
  - cmd/dlv/cmds
  - pkg/config
  - pkg/dwarf/dwarfbuilder
  - pkg/dwarf/frame
  - pkg/dwarf/godwarf
  - pkg/dwarf/line
  - pkg/dwarf/op
  - pkg/dwarf/reader
  - pkg/dwarf/util
  - pkg/goversion
  - pkg/logflags
  - pkg/proc
  - pkg/proc/core
  - pkg/proc/gdbserial
  - pkg/proc/native
  - pkg/proc/test
  - pkg/terminal
  - pkg/version
  - service
  - service/api
  - service/debugger
  - service/rpc1
  - service/rpc2
  - service/rpccommon
- name: github.com/golang/protobuf
  version: 1325a051a2753cd67556b182843b1b693d0854cd
  subpackages:
  - proto
  - protoc-gen-go/descriptor
  - ptypes
  - ptypes/any
  - ptypes/duration
  - ptypes/timestamp
- name: github.com/googleapis/gax-go
  version: 1ef592c90f479e3ab30c6c2312e20e13881b7ea6
- name: github.com/inconshreveable/mousetrap
  version: 76626ae9c91c4f2a10f34cad8ce83ea42c93bb75
- name: github.com/julienschmidt/httprouter
  version: 8c199fb6259ffc1af525cc3ad52ee60ba8359669
- name: github.com/karrick/godirwalk
  version: 5cc8b3875be6c21825a1b54d3029ed415c93c4f7
- name: github.com/mattn/go-colorable
  version: efa589957cd060542a26d2dd7832fd6a6c6c3ade
- name: github.com/mattn/go-isatty
  version: 6ca4dbf54d38eea1a992b3c722a76a5d1c4cb25c
- name: github.com/mattn/go-runewidth
  version: ce7b0b5c7b45a81508558cd1dba6bb1e4ddb51bb
- name: github.com/mdempsky/gocode
  version: 466551c8e799882836d81a98792e5887540b7822
  subpackages:
  - gbimporter
  - lookdot
  - suggest
- name: github.com/peterh/liner
  version: 8c1271fcf47f341a9e6771872262870e1ad7650c
- name: github.com/pkg/errors
  version: 816c9085562cd7ee03e7f8188a1cfd942858cded
- name: github.com/rogpeppe/godef
  version: b692db1de5229d4248e23c41736b431eb665615d
  subpackages:
  - go/ast
  - go/parser
  - go/printer
  - go/scanner
  - go/token
  - go/types
- name: github.com/russross/blackfriday
  version: 11635eb403ff09dbc3a6b5a007ab5ab09151c229
- name: github.com/sirupsen/logrus
  version: e54a77765aca7bbdd8e56c1c54f60579968b2dc9
- name: github.com/spf13/cobra
  version: a114f312e075f65bf30d6d9a1430113f857e543b
  subpackages:
  - doc
- name: github.com/spf13/pflag
  version: 3ebe029320b2676d667ae88da602a5f854788a8a
- name: github.com/sqs/goreturns
  version: 83e02874ec120f73d5f7dd382d62449dc8abe9c6
  subpackages:
  - returns
- name: github.com/uudashr/gopkgs
  version: f5479abf3b43b1fd739014debddd4b341a18e963
- name: go.opencensus.io
  version: d2694f19d26a511651863404fc63fa480551fa48
  subpackages:
  - exporter/stackdriver/propagation
  - internal
  - internal/tagencoding
  - plugin/ochttp
  - plugin/ochttp/propagation/b3
  - stats
  - stats/internal
  - stats/view
  - tag
  - trace
  - trace/internal
  - trace/propagation
- name: golang.org/x/arch
  version: 5de9028c2478e6cb4e1c1b1f4386f3f0a93e383a
  subpackages:
  - x86/x86asm
- name: golang.org/x/build
  version: 5a0b491d3d31e19cc59780f31d5b51c06e073d84
  subpackages:
  - autocertcache
- name: golang.org/x/crypto
  version: a49355c7e3f8fe157a85be2f77e6e269a0f89602
  subpackages:
  - acme
  - acme/autocert
  - ssh/terminal
- name: golang.org/x/lint
  version: 06c8688daad7faa9da5a0c2f163a3d14aac986ca
- name: golang.org/x/net
  version: 32a936f46389aa10549d60bd7833e54b01685d09
  subpackages:
  - context
  - context/ctxhttp
  - html
  - html/atom
  - http/httpguts
  - http2
  - http2/hpack
  - idna
  - internal/timeseries
  - trace
  - websocket
- name: golang.org/x/oauth2
  version: ef147856a6ddbb60760db74283d2424e98c87bff
  subpackages:
  - google
  - internal
  - jws
  - jwt
- name: golang.org/x/sys
  version: 3c6ecd8f22c6f40fbeec94c000a069d7d87c7624
  subpackages:
  - unix
  - windows
- name: golang.org/x/text
  version: c0fe8dde8a10c9b32154bd9bdf080b8b3d635127
  subpackages:
  - secure/bidirule
  - transform
  - unicode/bidi
  - unicode/norm
- name: golang.org/x/tools
  version: 827133af57adc910f5a5f91130bbc3c15a520991
  subpackages:
  - benchmark/parse
  - blog
  - blog/atom
  - cmd/guru
  - cmd/guru/serial
  - container/intsets
  - cover
  - go/ast/astutil
  - go/buildutil
  - go/callgraph
  - go/callgraph/cha
  - go/callgraph/rta
  - go/callgraph/static
  - go/gccgoexportdata
  - go/gcexportdata
  - go/internal/gccgoimporter
  - go/internal/gcimporter
  - go/loader
  - go/pointer
  - go/ssa
  - go/ssa/interp
  - go/ssa/ssautil
  - go/types/typeutil
  - godoc
  - godoc/analysis
  - godoc/dl
  - godoc/proxy
  - godoc/redirect
  - godoc/short
  - godoc/static
  - godoc/util
  - godoc/vfs
  - godoc/vfs/gatefs
  - godoc/vfs/httpfs
  - godoc/vfs/mapfs
  - godoc/vfs/zipfs
  - imports
  - internal/fastwalk
  - playground
  - playground/socket
  - present
  - refactor/eg
  - refactor/importgraph
  - refactor/rename
  - refactor/satisfy
- name: google.golang.org/api
  version: ac730e38c5514b49097b1459b3acbe1bf905e930
  subpackages:
  - gensupport
  - googleapi
  - googleapi/internal/uritemplates
  - googleapi/transport
  - internal
  - iterator
  - option
  - storage/v1
  - transport/http
- name: google.golang.org/appengine
  version: b1f26356af11148e710935ed1ac8a7f5702c7612
  subpackages:
  - datastore
  - internal
  - internal/app_identity
  - internal/base
  - internal/datastore
  - internal/log
  - internal/memcache
  - internal/modules
  - internal/remote_api
  - internal/urlfetch
  - internal/user
  - log
  - memcache
  - urlfetch
  - user
- name: google.golang.org/genproto
  version: 8b2cc369ab52e0003a878865c9372afdd6ca5c5a
  subpackages:
  - googleapis/api/annotations
  - googleapis/iam/v1
  - googleapis/rpc/code
  - googleapis/rpc/status
- name: google.golang.org/grpc
  version: f3361fda2fe0734510c562684480f18ebb63ac33
  subpackages:
  - balancer
  - balancer/base
  - balancer/roundrobin
  - codes
  - connectivity
  - credentials
  - encoding
  - encoding/proto
  - grpclog
  - internal
  - internal/backoff
  - internal/channelz
  - internal/envconfig
  - internal/grpcrand
  - keepalive
  - metadata
  - naming
  - peer
  - resolver
  - resolver/dns
  - resolver/passthrough
  - stats
  - status
  - tap
  - transport
- name: gopkg.in/yaml.v2
  version: 5420a8b6744d3b0345ab293f6fcba19c978f1183
testImports:
- name: github.com/pkg/profile
  version: 5b67d428864e92711fcbd2f8629456121a56d91f
