hash: 433c53bedbb4496b390239c47241d0fe4767e9a1cde0b0fd5d1ab533e081ae21
updated: 2018-07-08T13:55:45.023462+08:00
imports:
- name: github.com/julienschmidt/httprouter
  version: 8c199fb6259ffc1af525cc3ad52ee60ba8359669
- name: github.com/labstack/echo
  version: 6d227dfea4d2e52cb76856120b3c17f758139b4e
testImports: []
